// !$*UTF8*$!
{
	archiveVersion = 1;
	classes = {
	};
	objectVersion = 46;
	objects = {

/* Begin PBXBuildFile section */
		D4092B801C4C872D00D48A66 /* SBWaitTime.m in Sources */ = {isa = PBXBuildFile; fileRef = D4092B7F1C4C872D00D48A66 /* SBWaitTime.m */; };
		D4092B831C4C880200D48A66 /* SBWaitTimeCollection.m in Sources */ = {isa = PBXBuildFile; fileRef = D4092B821C4C880200D48A66 /* SBWaitTimeCollection.m */; };
		D4092B861C4C904200D48A66 /* SBVoiceFeedback.m in Sources */ = {isa = PBXBuildFile; fileRef = D4092B851C4C904200D48A66 /* SBVoiceFeedback.m */; };
		D41480B91C65899E0086BE64 /* SBAltitudeManager.m in Sources */ = {isa = PBXBuildFile; fileRef = D41480B81C65899E0086BE64 /* SBAltitudeManager.m */; };
		D4F46C001C4AFA7D0030678A /* main.m in Sources */ = {isa = PBXBuildFile; fileRef = D4F46BFF1C4AFA7D0030678A /* main.m */; };
		D4F46C031C4AFA7D0030678A /* AppDelegate.m in Sources */ = {isa = PBXBuildFile; fileRef = D4F46C021C4AFA7D0030678A /* AppDelegate.m */; };
		D4F46C061C4AFA7D0030678A /* ViewController.m in Sources */ = {isa = PBXBuildFile; fileRef = D4F46C051C4AFA7D0030678A /* ViewController.m */; };
		D4F46C091C4AFA7D0030678A /* Main.storyboard in Resources */ = {isa = PBXBuildFile; fileRef = D4F46C071C4AFA7D0030678A /* Main.storyboard */; };
		D4F46C0B1C4AFA7D0030678A /* Assets.xcassets in Resources */ = {isa = PBXBuildFile; fileRef = D4F46C0A1C4AFA7D0030678A /* Assets.xcassets */; };
		D4F46C0E1C4AFA7D0030678A /* LaunchScreen.storyboard in Resources */ = {isa = PBXBuildFile; fileRef = D4F46C0C1C4AFA7D0030678A /* LaunchScreen.storyboard */; };
		D4F46C191C4AFA7E0030678A /* skibudTests.m in Sources */ = {isa = PBXBuildFile; fileRef = D4F46C181C4AFA7E0030678A /* skibudTests.m */; };
		D4F46C241C4AFA7E0030678A /* skibudUITests.m in Sources */ = {isa = PBXBuildFile; fileRef = D4F46C231C4AFA7E0030678A /* skibudUITests.m */; };
		D4F46C331C4C805F0030678A /* SBWaitTimeManager.m in Sources */ = {isa = PBXBuildFile; fileRef = D4F46C321C4C805F0030678A /* SBWaitTimeManager.m */; };
		DF955571CC437E782CA7D7EA /* libPods.a in Frameworks */ = {isa = PBXBuildFile; fileRef = 0C2AE5AE49939C7C563EE6CC /* libPods.a */; };
/* End PBXBuildFile section */

/* Begin PBXContainerItemProxy section */
		D4F46C151C4AFA7E0030678A /* PBXContainerItemProxy */ = {
			isa = PBXContainerItemProxy;
			containerPortal = D4F46BF31C4AFA7D0030678A /* Project object */;
			proxyType = 1;
			remoteGlobalIDString = D4F46BFA1C4AFA7D0030678A;
			remoteInfo = skibud;
		};
		D4F46C201C4AFA7E0030678A /* PBXContainerItemProxy */ = {
			isa = PBXContainerItemProxy;
			containerPortal = D4F46BF31C4AFA7D0030678A /* Project object */;
			proxyType = 1;
			remoteGlobalIDString = D4F46BFA1C4AFA7D0030678A;
			remoteInfo = skibud;
		};
/* End PBXContainerItemProxy section */

/* Begin PBXFileReference section */
		0C2AE5AE49939C7C563EE6CC /* libPods.a */ = {isa = PBXFileReference; explicitFileType = archive.ar; includeInIndex = 0; path = libPods.a; sourceTree = BUILT_PRODUCTS_DIR; };
		27FEF3E862EC0A30488BDC9C /* Pods.release.xcconfig */ = {isa = PBXFileReference; includeInIndex = 1; lastKnownFileType = text.xcconfig; name = Pods.release.xcconfig; path = "Pods/Target Support Files/Pods/Pods.release.xcconfig"; sourceTree = "<group>"; };
		88D5B1719911E3E9AF2FCB64 /* Pods.debug.xcconfig */ = {isa = PBXFileReference; includeInIndex = 1; lastKnownFileType = text.xcconfig; name = Pods.debug.xcconfig; path = "Pods/Target Support Files/Pods/Pods.debug.xcconfig"; sourceTree = "<group>"; };
		D4092B7E1C4C872D00D48A66 /* SBWaitTime.h */ = {isa = PBXFileReference; fileEncoding = 4; lastKnownFileType = sourcecode.c.h; path = SBWaitTime.h; sourceTree = "<group>"; };
		D4092B7F1C4C872D00D48A66 /* SBWaitTime.m */ = {isa = PBXFileReference; fileEncoding = 4; lastKnownFileType = sourcecode.c.objc; path = SBWaitTime.m; sourceTree = "<group>"; };
		D4092B811C4C880200D48A66 /* SBWaitTimeCollection.h */ = {isa = PBXFileReference; fileEncoding = 4; lastKnownFileType = sourcecode.c.h; path = SBWaitTimeCollection.h; sourceTree = "<group>"; };
		D4092B821C4C880200D48A66 /* SBWaitTimeCollection.m */ = {isa = PBXFileReference; fileEncoding = 4; lastKnownFileType = sourcecode.c.objc; path = SBWaitTimeCollection.m; sourceTree = "<group>"; };
		D4092B841C4C904200D48A66 /* SBVoiceFeedback.h */ = {isa = PBXFileReference; fileEncoding = 4; lastKnownFileType = sourcecode.c.h; path = SBVoiceFeedback.h; sourceTree = "<group>"; };
		D4092B851C4C904200D48A66 /* SBVoiceFeedback.m */ = {isa = PBXFileReference; fileEncoding = 4; lastKnownFileType = sourcecode.c.objc; path = SBVoiceFeedback.m; sourceTree = "<group>"; };
		D41480B71C65899E0086BE64 /* SBAltitudeManager.h */ = {isa = PBXFileReference; fileEncoding = 4; lastKnownFileType = sourcecode.c.h; path = SBAltitudeManager.h; sourceTree = "<group>"; };
		D41480B81C65899E0086BE64 /* SBAltitudeManager.m */ = {isa = PBXFileReference; fileEncoding = 4; lastKnownFileType = sourcecode.c.objc; path = SBAltitudeManager.m; sourceTree = "<group>"; };
		D41480BA1C66B9DE0086BE64 /* SkiBud.pch */ = {isa = PBXFileReference; fileEncoding = 4; lastKnownFileType = sourcecode.c.h; path = SkiBud.pch; sourceTree = "<group>"; };
		D4F46BFB1C4AFA7D0030678A /* skibud.app */ = {isa = PBXFileReference; explicitFileType = wrapper.application; includeInIndex = 0; path = skibud.app; sourceTree = BUILT_PRODUCTS_DIR; };
		D4F46BFF1C4AFA7D0030678A /* main.m */ = {isa = PBXFileReference; lastKnownFileType = sourcecode.c.objc; path = main.m; sourceTree = "<group>"; };
		D4F46C011C4AFA7D0030678A /* AppDelegate.h */ = {isa = PBXFileReference; lastKnownFileType = sourcecode.c.h; path = AppDelegate.h; sourceTree = "<group>"; };
		D4F46C021C4AFA7D0030678A /* AppDelegate.m */ = {isa = PBXFileReference; lastKnownFileType = sourcecode.c.objc; path = AppDelegate.m; sourceTree = "<group>"; };
		D4F46C041C4AFA7D0030678A /* ViewController.h */ = {isa = PBXFileReference; lastKnownFileType = sourcecode.c.h; path = ViewController.h; sourceTree = "<group>"; };
		D4F46C051C4AFA7D0030678A /* ViewController.m */ = {isa = PBXFileReference; lastKnownFileType = sourcecode.c.objc; path = ViewController.m; sourceTree = "<group>"; };
		D4F46C081C4AFA7D0030678A /* Base */ = {isa = PBXFileReference; lastKnownFileType = file.storyboard; name = Base; path = Base.lproj/Main.storyboard; sourceTree = "<group>"; };
		D4F46C0A1C4AFA7D0030678A /* Assets.xcassets */ = {isa = PBXFileReference; lastKnownFileType = folder.assetcatalog; path = Assets.xcassets; sourceTree = "<group>"; };
		D4F46C0D1C4AFA7D0030678A /* Base */ = {isa = PBXFileReference; lastKnownFileType = file.storyboard; name = Base; path = Base.lproj/LaunchScreen.storyboard; sourceTree = "<group>"; };
		D4F46C0F1C4AFA7D0030678A /* Info.plist */ = {isa = PBXFileReference; lastKnownFileType = text.plist.xml; path = Info.plist; sourceTree = "<group>"; };
		D4F46C141C4AFA7E0030678A /* skibudTests.xctest */ = {isa = PBXFileReference; explicitFileType = wrapper.cfbundle; includeInIndex = 0; path = skibudTests.xctest; sourceTree = BUILT_PRODUCTS_DIR; };
		D4F46C181C4AFA7E0030678A /* skibudTests.m */ = {isa = PBXFileReference; lastKnownFileType = sourcecode.c.objc; path = skibudTests.m; sourceTree = "<group>"; };
		D4F46C1A1C4AFA7E0030678A /* Info.plist */ = {isa = PBXFileReference; lastKnownFileType = text.plist.xml; path = Info.plist; sourceTree = "<group>"; };
		D4F46C1F1C4AFA7E0030678A /* skibudUITests.xctest */ = {isa = PBXFileReference; explicitFileType = wrapper.cfbundle; includeInIndex = 0; path = skibudUITests.xctest; sourceTree = BUILT_PRODUCTS_DIR; };
		D4F46C231C4AFA7E0030678A /* skibudUITests.m */ = {isa = PBXFileReference; lastKnownFileType = sourcecode.c.objc; path = skibudUITests.m; sourceTree = "<group>"; };
		D4F46C251C4AFA7E0030678A /* Info.plist */ = {isa = PBXFileReference; lastKnownFileType = text.plist.xml; path = Info.plist; sourceTree = "<group>"; };
		D4F46C311C4C805F0030678A /* SBWaitTimeManager.h */ = {isa = PBXFileReference; fileEncoding = 4; lastKnownFileType = sourcecode.c.h; path = SBWaitTimeManager.h; sourceTree = "<group>"; };
		D4F46C321C4C805F0030678A /* SBWaitTimeManager.m */ = {isa = PBXFileReference; fileEncoding = 4; lastKnownFileType = sourcecode.c.objc; path = SBWaitTimeManager.m; sourceTree = "<group>"; xcLanguageSpecificationIdentifier = xcode.lang.objcpp; };
/* End PBXFileReference section */

/* Begin PBXFrameworksBuildPhase section */
		D4F46BF81C4AFA7D0030678A /* Frameworks */ = {
			isa = PBXFrameworksBuildPhase;
			buildActionMask = 2147483647;
			files = (
				DF955571CC437E782CA7D7EA /* libPods.a in Frameworks */,
			);
			runOnlyForDeploymentPostprocessing = 0;
		};
		D4F46C111C4AFA7E0030678A /* Frameworks */ = {
			isa = PBXFrameworksBuildPhase;
			buildActionMask = 2147483647;
			files = (
			);
			runOnlyForDeploymentPostprocessing = 0;
		};
		D4F46C1C1C4AFA7E0030678A /* Frameworks */ = {
			isa = PBXFrameworksBuildPhase;
			buildActionMask = 2147483647;
			files = (
			);
			runOnlyForDeploymentPostprocessing = 0;
		};
/* End PBXFrameworksBuildPhase section */

/* Begin PBXGroup section */
		2D1880266BD9F0E744A1E2CE /* Pods */ = {
			isa = PBXGroup;
			children = (
				88D5B1719911E3E9AF2FCB64 /* Pods.debug.xcconfig */,
				27FEF3E862EC0A30488BDC9C /* Pods.release.xcconfig */,
			);
			name = Pods;
			sourceTree = "<group>";
		};
		D4F46BF21C4AFA7D0030678A = {
			isa = PBXGroup;
			children = (
				D4F46BFD1C4AFA7D0030678A /* skibud */,
				D4F46C171C4AFA7E0030678A /* skibudTests */,
				D4F46C221C4AFA7E0030678A /* skibudUITests */,
				D4F46BFC1C4AFA7D0030678A /* Products */,
				2D1880266BD9F0E744A1E2CE /* Pods */,
				DCE4FBB46300C9DBB4B8336C /* Frameworks */,
			);
			sourceTree = "<group>";
		};
		D4F46BFC1C4AFA7D0030678A /* Products */ = {
			isa = PBXGroup;
			children = (
				D4F46BFB1C4AFA7D0030678A /* skibud.app */,
				D4F46C141C4AFA7E0030678A /* skibudTests.xctest */,
				D4F46C1F1C4AFA7E0030678A /* skibudUITests.xctest */,
			);
			name = Products;
			sourceTree = "<group>";
		};
		D4F46BFD1C4AFA7D0030678A /* skibud */ = {
			isa = PBXGroup;
			children = (
				D4F46C011C4AFA7D0030678A /* AppDelegate.h */,
				D4F46C021C4AFA7D0030678A /* AppDelegate.m */,
				D4F46C0A1C4AFA7D0030678A /* Assets.xcassets */,
				D4F46C0F1C4AFA7D0030678A /* Info.plist */,
				D4F46C0C1C4AFA7D0030678A /* LaunchScreen.storyboard */,
				D4F46C071C4AFA7D0030678A /* Main.storyboard */,
				D41480B71C65899E0086BE64 /* SBAltitudeManager.h */,
				D41480B81C65899E0086BE64 /* SBAltitudeManager.m */,
				D4092B841C4C904200D48A66 /* SBVoiceFeedback.h */,
				D4092B851C4C904200D48A66 /* SBVoiceFeedback.m */,
				D4092B7E1C4C872D00D48A66 /* SBWaitTime.h */,
				D4092B7F1C4C872D00D48A66 /* SBWaitTime.m */,
				D4092B811C4C880200D48A66 /* SBWaitTimeCollection.h */,
				D4092B821C4C880200D48A66 /* SBWaitTimeCollection.m */,
				D4F46C311C4C805F0030678A /* SBWaitTimeManager.h */,
				D4F46C321C4C805F0030678A /* SBWaitTimeManager.m */,
				D4F46BFE1C4AFA7D0030678A /* Supporting Files */,
				D4F46C041C4AFA7D0030678A /* ViewController.h */,
				D4F46C051C4AFA7D0030678A /* ViewController.m */,
			);
			path = skibud;
			sourceTree = "<group>";
		};
		D4F46BFE1C4AFA7D0030678A /* Supporting Files */ = {
			isa = PBXGroup;
			children = (
				D4F46BFF1C4AFA7D0030678A /* main.m */,
				D41480BA1C66B9DE0086BE64 /* SkiBud.pch */,
			);
			name = "Supporting Files";
			sourceTree = "<group>";
		};
		D4F46C171C4AFA7E0030678A /* skibudTests */ = {
			isa = PBXGroup;
			children = (
				D4F46C181C4AFA7E0030678A /* skibudTests.m */,
				D4F46C1A1C4AFA7E0030678A /* Info.plist */,
			);
			path = skibudTests;
			sourceTree = "<group>";
		};
		D4F46C221C4AFA7E0030678A /* skibudUITests */ = {
			isa = PBXGroup;
			children = (
				D4F46C231C4AFA7E0030678A /* skibudUITests.m */,
				D4F46C251C4AFA7E0030678A /* Info.plist */,
			);
			path = skibudUITests;
			sourceTree = "<group>";
		};
		DCE4FBB46300C9DBB4B8336C /* Frameworks */ = {
			isa = PBXGroup;
			children = (
				0C2AE5AE49939C7C563EE6CC /* libPods.a */,
			);
			name = Frameworks;
			sourceTree = "<group>";
		};
/* End PBXGroup section */

/* Begin PBXNativeTarget section */
		D4F46BFA1C4AFA7D0030678A /* skibud */ = {
			isa = PBXNativeTarget;
			buildConfigurationList = D4F46C281C4AFA7E0030678A /* Build configuration list for PBXNativeTarget "skibud" */;
			buildPhases = (
				3BC96DE3FA2B2438890F5256 /* Check Pods Manifest.lock */,
				D4F46BF71C4AFA7D0030678A /* Sources */,
				D4F46BF81C4AFA7D0030678A /* Frameworks */,
				D4F46BF91C4AFA7D0030678A /* Resources */,
				1B126FC0915B795D6D732F6C /* Copy Pods Resources */,
			);
			buildRules = (
			);
			dependencies = (
			);
			name = skibud;
			productName = skibud;
			productReference = D4F46BFB1C4AFA7D0030678A /* skibud.app */;
			productType = "com.apple.product-type.application";
		};
		D4F46C131C4AFA7E0030678A /* skibudTests */ = {
			isa = PBXNativeTarget;
			buildConfigurationList = D4F46C2B1C4AFA7E0030678A /* Build configuration list for PBXNativeTarget "skibudTests" */;
			buildPhases = (
				D4F46C101C4AFA7E0030678A /* Sources */,
				D4F46C111C4AFA7E0030678A /* Frameworks */,
				D4F46C121C4AFA7E0030678A /* Resources */,
			);
			buildRules = (
			);
			dependencies = (
				D4F46C161C4AFA7E0030678A /* PBXTargetDependency */,
			);
			name = skibudTests;
			productName = skibudTests;
			productReference = D4F46C141C4AFA7E0030678A /* skibudTests.xctest */;
			productType = "com.apple.product-type.bundle.unit-test";
		};
		D4F46C1E1C4AFA7E0030678A /* skibudUITests */ = {
			isa = PBXNativeTarget;
			buildConfigurationList = D4F46C2E1C4AFA7E0030678A /* Build configuration list for PBXNativeTarget "skibudUITests" */;
			buildPhases = (
				D4F46C1B1C4AFA7E0030678A /* Sources */,
				D4F46C1C1C4AFA7E0030678A /* Frameworks */,
				D4F46C1D1C4AFA7E0030678A /* Resources */,
			);
			buildRules = (
			);
			dependencies = (
				D4F46C211C4AFA7E0030678A /* PBXTargetDependency */,
			);
			name = skibudUITests;
			productName = skibudUITests;
			productReference = D4F46C1F1C4AFA7E0030678A /* skibudUITests.xctest */;
			productType = "com.apple.product-type.bundle.ui-testing";
		};
/* End PBXNativeTarget section */

/* Begin PBXProject section */
		D4F46BF31C4AFA7D0030678A /* Project object */ = {
			isa = PBXProject;
			attributes = {
				LastUpgradeCheck = 0720;
				ORGANIZATIONNAME = Wobbbals;
				TargetAttributes = {
					D4F46BFA1C4AFA7D0030678A = {
						CreatedOnToolsVersion = 7.2;
						SystemCapabilities = {
							com.apple.BackgroundModes = {
								enabled = 1;
							};
						};
					};
					D4F46C131C4AFA7E0030678A = {
						CreatedOnToolsVersion = 7.2;
						TestTargetID = D4F46BFA1C4AFA7D0030678A;
					};
					D4F46C1E1C4AFA7E0030678A = {
						CreatedOnToolsVersion = 7.2;
						TestTargetID = D4F46BFA1C4AFA7D0030678A;
					};
				};
			};
			buildConfigurationList = D4F46BF61C4AFA7D0030678A /* Build configuration list for PBXProject "skibud" */;
			compatibilityVersion = "Xcode 3.2";
			developmentRegion = English;
			hasScannedForEncodings = 0;
			knownRegions = (
				en,
				Base,
			);
			mainGroup = D4F46BF21C4AFA7D0030678A;
			productRefGroup = D4F46BFC1C4AFA7D0030678A /* Products */;
			projectDirPath = "";
			projectRoot = "";
			targets = (
				D4F46BFA1C4AFA7D0030678A /* skibud */,
				D4F46C131C4AFA7E0030678A /* skibudTests */,
				D4F46C1E1C4AFA7E0030678A /* skibudUITests */,
			);
		};
/* End PBXProject section */

/* Begin PBXResourcesBuildPhase section */
		D4F46BF91C4AFA7D0030678A /* Resources */ = {
			isa = PBXResourcesBuildPhase;
			buildActionMask = 2147483647;
			files = (
				D4F46C0E1C4AFA7D0030678A /* LaunchScreen.storyboard in Resources */,
				D4F46C0B1C4AFA7D0030678A /* Assets.xcassets in Resources */,
				D4F46C091C4AFA7D0030678A /* Main.storyboard in Resources */,
			);
			runOnlyForDeploymentPostprocessing = 0;
		};
		D4F46C121C4AFA7E0030678A /* Resources */ = {
			isa = PBXResourcesBuildPhase;
			buildActionMask = 2147483647;
			files = (
			);
			runOnlyForDeploymentPostprocessing = 0;
		};
		D4F46C1D1C4AFA7E0030678A /* Resources */ = {
			isa = PBXResourcesBuildPhase;
			buildActionMask = 2147483647;
			files = (
			);
			runOnlyForDeploymentPostprocessing = 0;
		};
/* End PBXResourcesBuildPhase section */

/* Begin PBXShellScriptBuildPhase section */
		1B126FC0915B795D6D732F6C /* Copy Pods Resources */ = {
			isa = PBXShellScriptBuildPhase;
			buildActionMask = 2147483647;
			files = (
			);
			inputPaths = (
			);
			name = "Copy Pods Resources";
			outputPaths = (
			);
			runOnlyForDeploymentPostprocessing = 0;
			shellPath = /bin/sh;
			shellScript = "\"${SRCROOT}/Pods/Target Support Files/Pods/Pods-resources.sh\"\n";
			showEnvVarsInLog = 0;
		};
		3BC96DE3FA2B2438890F5256 /* Check Pods Manifest.lock */ = {
			isa = PBXShellScriptBuildPhase;
			buildActionMask = 2147483647;
			files = (
			);
			inputPaths = (
			);
			name = "Check Pods Manifest.lock";
			outputPaths = (
			);
			runOnlyForDeploymentPostprocessing = 0;
			shellPath = /bin/sh;
			shellScript = "diff \"${PODS_ROOT}/../Podfile.lock\" \"${PODS_ROOT}/Manifest.lock\" > /dev/null\nif [[ $? != 0 ]] ; then\n    cat << EOM\nerror: The sandbox is not in sync with the Podfile.lock. Run 'pod install' or update your CocoaPods installation.\nEOM\n    exit 1\nfi\n";
			showEnvVarsInLog = 0;
		};
/* End PBXShellScriptBuildPhase section */

/* Begin PBXSourcesBuildPhase section */
		D4F46BF71C4AFA7D0030678A /* Sources */ = {
			isa = PBXSourcesBuildPhase;
			buildActionMask = 2147483647;
			files = (
				D4092B801C4C872D00D48A66 /* SBWaitTime.m in Sources */,
				D4092B861C4C904200D48A66 /* SBVoiceFeedback.m in Sources */,
				D41480B91C65899E0086BE64 /* SBAltitudeManager.m in Sources */,
				D4F46C061C4AFA7D0030678A /* ViewController.m in Sources */,
				D4092B831C4C880200D48A66 /* SBWaitTimeCollection.m in Sources */,
				D4F46C031C4AFA7D0030678A /* AppDelegate.m in Sources */,
				D4F46C331C4C805F0030678A /* SBWaitTimeManager.m in Sources */,
				D4F46C001C4AFA7D0030678A /* main.m in Sources */,
			);
			runOnlyForDeploymentPostprocessing = 0;
		};
		D4F46C101C4AFA7E0030678A /* Sources */ = {
			isa = PBXSourcesBuildPhase;
			buildActionMask = 2147483647;
			files = (
				D4F46C191C4AFA7E0030678A /* skibudTests.m in Sources */,
			);
			runOnlyForDeploymentPostprocessing = 0;
		};
		D4F46C1B1C4AFA7E0030678A /* Sources */ = {
			isa = PBXSourcesBuildPhase;
			buildActionMask = 2147483647;
			files = (
				D4F46C241C4AFA7E0030678A /* skibudUITests.m in Sources */,
			);
			runOnlyForDeploymentPostprocessing = 0;
		};
/* End PBXSourcesBuildPhase section */

/* Begin PBXTargetDependency section */
		D4F46C161C4AFA7E0030678A /* PBXTargetDependency */ = {
			isa = PBXTargetDependency;
			target = D4F46BFA1C4AFA7D0030678A /* skibud */;
			targetProxy = D4F46C151C4AFA7E0030678A /* PBXContainerItemProxy */;
		};
		D4F46C211C4AFA7E0030678A /* PBXTargetDependency */ = {
			isa = PBXTargetDependency;
			target = D4F46BFA1C4AFA7D0030678A /* skibud */;
			targetProxy = D4F46C201C4AFA7E0030678A /* PBXContainerItemProxy */;
		};
/* End PBXTargetDependency section */

/* Begin PBXVariantGroup section */
		D4F46C071C4AFA7D0030678A /* Main.storyboard */ = {
			isa = PBXVariantGroup;
			children = (
				D4F46C081C4AFA7D0030678A /* Base */,
			);
			name = Main.storyboard;
			sourceTree = "<group>";
		};
		D4F46C0C1C4AFA7D0030678A /* LaunchScreen.storyboard */ = {
			isa = PBXVariantGroup;
			children = (
				D4F46C0D1C4AFA7D0030678A /* Base */,
			);
			name = LaunchScreen.storyboard;
			sourceTree = "<group>";
		};
/* End PBXVariantGroup section */

/* Begin XCBuildConfiguration section */
		D4F46C261C4AFA7E0030678A /* Debug */ = {
			isa = XCBuildConfiguration;
			buildSettings = {
				ALWAYS_SEARCH_USER_PATHS = NO;
				CLANG_CXX_LANGUAGE_STANDARD = "gnu++0x";
				CLANG_CXX_LIBRARY = "libc++";
				CLANG_ENABLE_MODULES = YES;
				CLANG_ENABLE_OBJC_ARC = YES;
				CLANG_WARN_BOOL_CONVERSION = YES;
				CLANG_WARN_CONSTANT_CONVERSION = YES;
				CLANG_WARN_DIRECT_OBJC_ISA_USAGE = YES_ERROR;
				CLANG_WARN_EMPTY_BODY = YES;
				CLANG_WARN_ENUM_CONVERSION = YES;
				CLANG_WARN_INT_CONVERSION = YES;
				CLANG_WARN_OBJC_ROOT_CLASS = YES_ERROR;
				CLANG_WARN_UNREACHABLE_CODE = YES;
				CLANG_WARN__DUPLICATE_METHOD_MATCH = YES;
				"CODE_SIGN_IDENTITY[sdk=iphoneos*]" = "iPhone Developer";
				COPY_PHASE_STRIP = NO;
				DEBUG_INFORMATION_FORMAT = dwarf;
				ENABLE_STRICT_OBJC_MSGSEND = YES;
				ENABLE_TESTABILITY = YES;
				GCC_C_LANGUAGE_STANDARD = gnu99;
				GCC_DYNAMIC_NO_PIC = NO;
				GCC_NO_COMMON_BLOCKS = YES;
				GCC_OPTIMIZATION_LEVEL = 0;
				GCC_PRECOMPILE_PREFIX_HEADER = YES;
				GCC_PREFIX_HEADER = skibud/SkiBud.pch;
				GCC_PREPROCESSOR_DEFINITIONS = (
					"DEBUG=1",
					"$(inherited)",
				);
				GCC_WARN_64_TO_32_BIT_CONVERSION = YES;
				GCC_WARN_ABOUT_RETURN_TYPE = YES_ERROR;
				GCC_WARN_UNDECLARED_SELECTOR = YES;
				GCC_WARN_UNINITIALIZED_AUTOS = YES_AGGRESSIVE;
				GCC_WARN_UNUSED_FUNCTION = YES;
				GCC_WARN_UNUSED_VARIABLE = YES;
				IPHONEOS_DEPLOYMENT_TARGET = 9.2;
				MTL_ENABLE_DEBUG_INFO = YES;
				ONLY_ACTIVE_ARCH = YES;
				SDKROOT = iphoneos;
				TARGETED_DEVICE_FAMILY = "1,2";
			};
			name = Debug;
		};
		D4F46C271C4AFA7E0030678A /* Release */ = {
			isa = XCBuildConfiguration;
			buildSettings = {
				ALWAYS_SEARCH_USER_PATHS = NO;
				CLANG_CXX_LANGUAGE_STANDARD = "gnu++0x";
				CLANG_CXX_LIBRARY = "libc++";
				CLANG_ENABLE_MODULES = YES;
				CLANG_ENABLE_OBJC_ARC = YES;
				CLANG_WARN_BOOL_CONVERSION = YES;
				CLANG_WARN_CONSTANT_CONVERSION = YES;
				CLANG_WARN_DIRECT_OBJC_ISA_USAGE = YES_ERROR;
				CLANG_WARN_EMPTY_BODY = YES;
				CLANG_WARN_ENUM_CONVERSION = YES;
				CLANG_WARN_INT_CONVERSION = YES;
				CLANG_WARN_OBJC_ROOT_CLASS = YES_ERROR;
				CLANG_WARN_UNREACHABLE_CODE = YES;
				CLANG_WARN__DUPLICATE_METHOD_MATCH = YES;
				"CODE_SIGN_IDENTITY[sdk=iphoneos*]" = "iPhone Developer";
				COPY_PHASE_STRIP = NO;
				DEBUG_INFORMATION_FORMAT = "dwarf-with-dsym";
				ENABLE_NS_ASSERTIONS = NO;
				ENABLE_STRICT_OBJC_MSGSEND = YES;
				GCC_C_LANGUAGE_STANDARD = gnu99;
				GCC_NO_COMMON_BLOCKS = YES;
				GCC_PRECOMPILE_PREFIX_HEADER = YES;
				GCC_PREFIX_HEADER = skibud/SkiBud.pch;
				GCC_WARN_64_TO_32_BIT_CONVERSION = YES;
				GCC_WARN_ABOUT_RETURN_TYPE = YES_ERROR;
				GCC_WARN_UNDECLARED_SELECTOR = YES;
				GCC_WARN_UNINITIALIZED_AUTOS = YES_AGGRESSIVE;
				GCC_WARN_UNUSED_FUNCTION = YES;
				GCC_WARN_UNUSED_VARIABLE = YES;
				IPHONEOS_DEPLOYMENT_TARGET = 9.2;
				MTL_ENABLE_DEBUG_INFO = NO;
				SDKROOT = iphoneos;
				TARGETED_DEVICE_FAMILY = "1,2";
				VALIDATE_PRODUCT = YES;
			};
			name = Release;
		};
		D4F46C291C4AFA7E0030678A /* Debug */ = {
			isa = XCBuildConfiguration;
			baseConfigurationReference = 88D5B1719911E3E9AF2FCB64 /* Pods.debug.xcconfig */;
			buildSettings = {
				ASSETCATALOG_COMPILER_APPICON_NAME = AppIcon;
				INFOPLIST_FILE = skibud/Info.plist;
				LD_RUNPATH_SEARCH_PATHS = "$(inherited) @executable_path/Frameworks";
				PRODUCT_BUNDLE_IDENTIFIER = com.wobbals.skibud;
				PRODUCT_NAME = "$(TARGET_NAME)";
			};
			name = Debug;
		};
		D4F46C2A1C4AFA7E0030678A /* Release */ = {
			isa = XCBuildConfiguration;
			baseConfigurationReference = 27FEF3E862EC0A30488BDC9C /* Pods.release.xcconfig */;
			buildSettings = {
				ASSETCATALOG_COMPILER_APPICON_NAME = AppIcon;
				INFOPLIST_FILE = skibud/Info.plist;
				LD_RUNPATH_SEARCH_PATHS = "$(inherited) @executable_path/Frameworks";
				PRODUCT_BUNDLE_IDENTIFIER = com.wobbals.skibud;
				PRODUCT_NAME = "$(TARGET_NAME)";
			};
			name = Release;
		};
		D4F46C2C1C4AFA7E0030678A /* Debug */ = {
			isa = XCBuildConfiguration;
			buildSettings = {
				BUNDLE_LOADER = "$(TEST_HOST)";
				INFOPLIST_FILE = skibudTests/Info.plist;
				LD_RUNPATH_SEARCH_PATHS = "$(inherited) @executable_path/Frameworks @loader_path/Frameworks";
				PRODUCT_BUNDLE_IDENTIFIER = com.wobbals.skibudTests;
				PRODUCT_NAME = "$(TARGET_NAME)";
				TEST_HOST = "$(BUILT_PRODUCTS_DIR)/skibud.app/skibud";
			};
			name = Debug;
		};
		D4F46C2D1C4AFA7E0030678A /* Release */ = {
			isa = XCBuildConfiguration;
			buildSettings = {
				BUNDLE_LOADER = "$(TEST_HOST)";
				INFOPLIST_FILE = skibudTests/Info.plist;
				LD_RUNPATH_SEARCH_PATHS = "$(inherited) @executable_path/Frameworks @loader_path/Frameworks";
				PRODUCT_BUNDLE_IDENTIFIER = com.wobbals.skibudTests;
				PRODUCT_NAME = "$(TARGET_NAME)";
				TEST_HOST = "$(BUILT_PRODUCTS_DIR)/skibud.app/skibud";
			};
			name = Release;
		};
		D4F46C2F1C4AFA7E0030678A /* Debug */ = {
			isa = XCBuildConfiguration;
			buildSettings = {
				INFOPLIST_FILE = skibudUITests/Info.plist;
				LD_RUNPATH_SEARCH_PATHS = "$(inherited) @executable_path/Frameworks @loader_path/Frameworks";
				PRODUCT_BUNDLE_IDENTIFIER = com.wobbals.skibudUITests;
				PRODUCT_NAME = "$(TARGET_NAME)";
				TEST_TARGET_NAME = skibud;
				USES_XCTRUNNER = YES;
			};
			name = Debug;
		};
		D4F46C301C4AFA7E0030678A /* Release */ = {
			isa = XCBuildConfiguration;
			buildSettings = {
				INFOPLIST_FILE = skibudUITests/Info.plist;
				LD_RUNPATH_SEARCH_PATHS = "$(inherited) @executable_path/Frameworks @loader_path/Frameworks";
				PRODUCT_BUNDLE_IDENTIFIER = com.wobbals.skibudUITests;
				PRODUCT_NAME = "$(TARGET_NAME)";
				TEST_TARGET_NAME = skibud;
				USES_XCTRUNNER = YES;
			};
			name = Release;
		};
/* End XCBuildConfiguration section */

/* Begin XCConfigurationList section */
		D4F46BF61C4AFA7D0030678A /* Build configuration list for PBXProject "skibud" */ = {
			isa = XCConfigurationList;
			buildConfigurations = (
				D4F46C261C4AFA7E0030678A /* Debug */,
				D4F46C271C4AFA7E0030678A /* Release */,
			);
			defaultConfigurationIsVisible = 0;
			defaultConfigurationName = Release;
		};
		D4F46C281C4AFA7E0030678A /* Build configuration list for PBXNativeTarget "skibud" */ = {
			isa = XCConfigurationList;
			buildConfigurations = (
				D4F46C291C4AFA7E0030678A /* Debug */,
				D4F46C2A1C4AFA7E0030678A /* Release */,
			);
			defaultConfigurationIsVisible = 0;
			defaultConfigurationName = Release;
		};
		D4F46C2B1C4AFA7E0030678A /* Build configuration list for PBXNativeTarget "skibudTests" */ = {
			isa = XCConfigurationList;
			buildConfigurations = (
				D4F46C2C1C4AFA7E0030678A /* Debug */,
				D4F46C2D1C4AFA7E0030678A /* Release */,
			);
			defaultConfigurationIsVisible = 0;
			defaultConfigurationName = Release;
		};
		D4F46C2E1C4AFA7E0030678A /* Build configuration list for PBXNativeTarget "skibudUITests" */ = {
			isa = XCConfigurationList;
			buildConfigurations = (
				D4F46C2F1C4AFA7E0030678A /* Debug */,
				D4F46C301C4AFA7E0030678A /* Release */,
			);
			defaultConfigurationIsVisible = 0;
			defaultConfigurationName = Release;
		};
/* End XCConfigurationList section */
	};
	rootObject = D4F46BF31C4AFA7D0030678A /* Project object */;
}
